
Microsoft Visual Studio Solution File, Format Version 12.00
# Visual Studio Version 17
VisualStudioVersion = 17.8.34330.188
MinimumVisualStudioVersion = 10.0.40219.1
Project("{FAE04EC0-301F-11D3-BF4B-00C04F79EFBC}") = "Intro_To_WPF", "Intro_To_WPF\Intro_To_WPF.csproj", "{B97BFD1A-FBE9-4F23-9570-0825DC88628F}"
EndProject
Global
	GlobalSection(SolutionConfigurationPlatforms) = preSolution
		Debug|Any CPU = Debug|Any CPU
		Release|Any CPU = Release|Any CPU
	EndGlobalSection
	GlobalSection(ProjectConfigurationPlatforms) = postSolution
		{B97BFD1A-FBE9-4F23-9570-0825DC88628F}.Debug|Any CPU.ActiveCfg = Debug|Any CPU
		{B97BFD1A-FBE9-4F23-9570-0825DC88628F}.Debug|Any CPU.Build.0 = Debug|Any CPU
		{B97BFD1A-FBE9-4F23-9570-0825DC88628F}.Release|Any CPU.ActiveCfg = Release|Any CPU
		{B97BFD1A-FBE9-4F23-9570-0825DC88628F}.Release|Any CPU.Build.0 = Release|Any CPU
	EndGlobalSection
	GlobalSection(SolutionProperties) = preSolution
		HideSolutionNode = FALSE
	EndGlobalSection
	GlobalSection(ExtensibilityGlobals) = postSolution
		SolutionGuid = {C5F9FA7D-1AFF-443A-9AD0-30CA206ABD86}
	EndGlobalSection
EndGlobal
